
Microsoft Visual Studio Solution File, Format Version 12.00
# Visual Studio Version 17
VisualStudioVersion = 17.8.34316.72
MinimumVisualStudioVersion = 10.0.40219.1
Project("{8BC9CEB8-8B4A-11D0-8D11-00A0C91BC942}") = "OverloadFunction", "OverloadFunction\OverloadFunction.vcxproj", "{E05155BB-949D-45A4-97B3-05047B1BDFA2}"
EndProject
Global
	GlobalSection(SolutionConfigurationPlatforms) = preSolution
		Debug|x64 = Debug|x64
		Debug|x86 = Debug|x86
		Release|x64 = Release|x64
		Release|x86 = Release|x86
	EndGlobalSection
	GlobalSection(ProjectConfigurationPlatforms) = postSolution
		{E05155BB-949D-45A4-97B3-05047B1BDFA2}.Debug|x64.ActiveCfg = Debug|x64
		{E05155BB-949D-45A4-97B3-05047B1BDFA2}.Debug|x64.Build.0 = Debug|x64
		{E05155BB-949D-45A4-97B3-05047B1BDFA2}.Debug|x86.ActiveCfg = Debug|Win32
		{E05155BB-949D-45A4-97B3-05047B1BDFA2}.Debug|x86.Build.0 = Debug|Win32
		{E05155BB-949D-45A4-97B3-05047B1BDFA2}.Release|x64.ActiveCfg = Release|x64
		{E05155BB-949D-45A4-97B3-05047B1BDFA2}.Release|x64.Build.0 = Release|x64
		{E05155BB-949D-45A4-97B3-05047B1BDFA2}.Release|x86.ActiveCfg = Release|Win32
		{E05155BB-949D-45A4-97B3-05047B1BDFA2}.Release|x86.Build.0 = Release|Win32
	EndGlobalSection
	GlobalSection(SolutionProperties) = preSolution
		HideSolutionNode = FALSE
	EndGlobalSection
	GlobalSection(ExtensibilityGlobals) = postSolution
		SolutionGuid = {E3B36F81-71D0-4D38-A740-63DF7720A24D}
	EndGlobalSection
EndGlobal
